
Microsoft Visual Studio Solution File, Format Version 12.00
# Visual Studio Version 17
VisualStudioVersion = 17.8.34511.84
MinimumVisualStudioVersion = 10.0.40219.1
Project("{9A19103F-16F7-4668-BE54-9A1E7A4F7556}") = "AvaloniaApplication_ReactiveUI_2", "AvaloniaApplication_ReactiveUI_2\AvaloniaApplication_ReactiveUI_2.csproj", "{D33C74CD-F9DF-47FC-850A-5939E1A7BABE}"
EndProject
Project("{9A19103F-16F7-4668-BE54-9A1E7A4F7556}") = "AvaloniaApplication_ReactiveUI_2.Desktop", "AvaloniaApplication_ReactiveUI_2.Desktop\AvaloniaApplication_ReactiveUI_2.Desktop.csproj", "{35F9F2F7-3806-4390-A3B4-3B10520653F2}"
EndProject
Global
	GlobalSection(SolutionConfigurationPlatforms) = preSolution
		Debug|Any CPU = Debug|Any CPU
		Release|Any CPU = Release|Any CPU
	EndGlobalSection
	GlobalSection(ProjectConfigurationPlatforms) = postSolution
		{D33C74CD-F9DF-47FC-850A-5939E1A7BABE}.Debug|Any CPU.ActiveCfg = Debug|Any CPU
		{D33C74CD-F9DF-47FC-850A-5939E1A7BABE}.Debug|Any CPU.Build.0 = Debug|Any CPU
		{D33C74CD-F9DF-47FC-850A-5939E1A7BABE}.Release|Any CPU.ActiveCfg = Release|Any CPU
		{D33C74CD-F9DF-47FC-850A-5939E1A7BABE}.Release|Any CPU.Build.0 = Release|Any CPU
		{35F9F2F7-3806-4390-A3B4-3B10520653F2}.Debug|Any CPU.ActiveCfg = Debug|Any CPU
		{35F9F2F7-3806-4390-A3B4-3B10520653F2}.Debug|Any CPU.Build.0 = Debug|Any CPU
		{35F9F2F7-3806-4390-A3B4-3B10520653F2}.Release|Any CPU.ActiveCfg = Release|Any CPU
		{35F9F2F7-3806-4390-A3B4-3B10520653F2}.Release|Any CPU.Build.0 = Release|Any CPU
	EndGlobalSection
	GlobalSection(SolutionProperties) = preSolution
		HideSolutionNode = FALSE
	EndGlobalSection
	GlobalSection(ExtensibilityGlobals) = postSolution
		SolutionGuid = {C6466C79-4438-4224-A1BA-964681AB9271}
	EndGlobalSection
EndGlobal
